
Microsoft Visual Studio Solution File, Format Version 12.00
# Visual Studio Version 17
VisualStudioVersion = 17.5.33516.290
MinimumVisualStudioVersion = 10.0.40219.1
Project("{FAE04EC0-301F-11D3-BF4B-00C04F79EFBC}") = "WebApp", "WebApp\WebApp.csproj", "{4E00F238-42CF-4C6A-BBFE-CA0579CD816A}"
EndProject
Global
	GlobalSection(SolutionConfigurationPlatforms) = preSolution
		Debug|Any CPU = Debug|Any CPU
		Release|Any CPU = Release|Any CPU
	EndGlobalSection
	GlobalSection(ProjectConfigurationPlatforms) = postSolution
		{4E00F238-42CF-4C6A-BBFE-CA0579CD816A}.Debug|Any CPU.ActiveCfg = Debug|Any CPU
		{4E00F238-42CF-4C6A-BBFE-CA0579CD816A}.Debug|Any CPU.Build.0 = Debug|Any CPU
		{4E00F238-42CF-4C6A-BBFE-CA0579CD816A}.Release|Any CPU.ActiveCfg = Release|Any CPU
		{4E00F238-42CF-4C6A-BBFE-CA0579CD816A}.Release|Any CPU.Build.0 = Release|Any CPU
	EndGlobalSection
	GlobalSection(SolutionProperties) = preSolution
		HideSolutionNode = FALSE
	EndGlobalSection
	GlobalSection(ExtensibilityGlobals) = postSolution
		SolutionGuid = {C22ACCA6-3628-4FC3-A3D9-004823F17D18}
	EndGlobalSection
EndGlobal
